
Microsoft Visual Studio Solution File, Format Version 12.00
# Visual Studio 15
VisualStudioVersion = 15.0.28307.1758
MinimumVisualStudioVersion = 10.0.40219.1
Project("{FAE04EC0-301F-11D3-BF4B-00C04F79EFBC}") = "BootStrap4", "BootStrap4\BootStrap4.csproj", "{BBC16430-BF55-4FE5-87E0-FF33AA231AA5}"
EndProject
Global
	GlobalSection(SolutionConfigurationPlatforms) = preSolution
		Debug|Any CPU = Debug|Any CPU
		Release|Any CPU = Release|Any CPU
	EndGlobalSection
	GlobalSection(ProjectConfigurationPlatforms) = postSolution
		{BBC16430-BF55-4FE5-87E0-FF33AA231AA5}.Debug|Any CPU.ActiveCfg = Debug|Any CPU
		{BBC16430-BF55-4FE5-87E0-FF33AA231AA5}.Debug|Any CPU.Build.0 = Debug|Any CPU
		{BBC16430-BF55-4FE5-87E0-FF33AA231AA5}.Release|Any CPU.ActiveCfg = Release|Any CPU
		{BBC16430-BF55-4FE5-87E0-FF33AA231AA5}.Release|Any CPU.Build.0 = Release|Any CPU
	EndGlobalSection
	GlobalSection(SolutionProperties) = preSolution
		HideSolutionNode = FALSE
	EndGlobalSection
	GlobalSection(ExtensibilityGlobals) = postSolution
		SolutionGuid = {18EB68A6-CFCC-438D-8ECE-1291F519C00B}
	EndGlobalSection
EndGlobal
